
Microsoft Visual Studio Solution File, Format Version 12.00
# Visual Studio Version 17
VisualStudioVersion = 17.4.33213.308
MinimumVisualStudioVersion = 10.0.40219.1
Project("{FAE04EC0-301F-11D3-BF4B-00C04F79EFBC}") = "LAB004", "LAB004\LAB004.csproj", "{2F085398-EB62-462A-B266-877445A2A7B5}"
EndProject
Global
	GlobalSection(SolutionConfigurationPlatforms) = preSolution
		Debug|Any CPU = Debug|Any CPU
		Release|Any CPU = Release|Any CPU
	EndGlobalSection
	GlobalSection(ProjectConfigurationPlatforms) = postSolution
		{2F085398-EB62-462A-B266-877445A2A7B5}.Debug|Any CPU.ActiveCfg = Debug|Any CPU
		{2F085398-EB62-462A-B266-877445A2A7B5}.Debug|Any CPU.Build.0 = Debug|Any CPU
		{2F085398-EB62-462A-B266-877445A2A7B5}.Release|Any CPU.ActiveCfg = Release|Any CPU
		{2F085398-EB62-462A-B266-877445A2A7B5}.Release|Any CPU.Build.0 = Release|Any CPU
	EndGlobalSection
	GlobalSection(SolutionProperties) = preSolution
		HideSolutionNode = FALSE
	EndGlobalSection
	GlobalSection(ExtensibilityGlobals) = postSolution
		SolutionGuid = {24D80E40-3B1D-40A5-93C6-ABCE4DE16386}
	EndGlobalSection
EndGlobal
